PODS:
  - Alamofire (4.7.0)
  - Bolts (1.9.0):
    - Bolts/AppLinks (= 1.9.0)
    - Bolts/Tasks (= 1.9.0)
  - Bolts/AppLinks (1.9.0):
    - Bolts/Tasks
  - Bolts/Tasks (1.9.0)
  - FBSDKCoreKit (4.15.1):
    - Bolts (~> 1.7)
  - FBSDKLoginKit (4.15.1):
    - FBSDKCoreKit
  - FBSDKShareKit (4.15.1):
    - FBSDKCoreKit
  - GoogleMaps (2.7.0):
    - GoogleMaps/Maps (= 2.7.0)
  - GoogleMaps/Base (2.7.0)
  - GoogleMaps/Maps (2.7.0):
    - GoogleMaps/Base
  - GooglePlaces (2.7.0):
    - GoogleMaps/Base (= 2.7.0)
  - Stripe (12.1.2)
  - SwiftyJSON (4.0.0)

DEPENDENCIES:
  - Alamofire
  - FBSDKCoreKit (~> 4.15.1)
  - FBSDKLoginKit (~> 4.15.1)
  - FBSDKShareKit (~> 4.15.1)
  - GoogleMaps
  - GooglePlaces
  - Stripe
  - SwiftyJSON (~> 4.0)

SPEC REPOS:
  https://github.com/cocoapods/specs.git:
    - Alamofire
    - Bolts
    - FBSDKCoreKit
    - FBSDKLoginKit
    - FBSDKShareKit
    - GoogleMaps
    - GooglePlaces
    - Stripe
    - SwiftyJSON

SPEC CHECKSUMS:
  Alamofire: 907e0a98eb68cdb7f9d1f541a563d6ac5dc77b25
  Bolts: ac6567323eac61e203f6a9763667d0f711be34c8
  FBSDKCoreKit: fc7fa53d16b095ee3fd53f0cd59f1df8bcbb634d
  FBSDKLoginKit: 073f79b3b2e762fc6f54a283fe15f45372d59f5f
  FBSDKShareKit: 11cbb5a4d7b5fda8143cc95b76188147e6725736
  GoogleMaps: f79af95cb24d869457b1f961c93d3ce8b2f3b848
  GooglePlaces: 3d06e6c99654545b4738ce49648745779c25f2ef
  Stripe: 3230cdf8a8b0c04902e45e86f222fb82a926239c
  SwiftyJSON: 070dabdcb1beb81b247c65ffa3a79dbbfb3b48aa

PODFILE CHECKSUM: a0b98b8c8e409fe3af9ceba11f0993004881254d

COCOAPODS: 1.5.3
